
Microsoft Visual Studio Solution File, Format Version 12.00
# Visual Studio Version 17
VisualStudioVersion = 17.4.33205.214
MinimumVisualStudioVersion = 10.0.40219.1
Project("{9A19103F-16F7-4668-BE54-9A1E7A4F7556}") = "DustyLibraryManagementSystem.Domain", "DustyLibraryManagementSystem.Domain\DustyLibraryManagementSystem.Domain.csproj", "{E55788AE-C72B-4B26-A63E-5BB6B3E2F8A3}"
EndProject
Project("{9A19103F-16F7-4668-BE54-9A1E7A4F7556}") = "DustyLibraryManagementSystem.API", "DustyLibraryManagementSystem.API\DustyLibraryManagementSystem.API.csproj", "{4640A46A-879E-45AE-8068-9B1B74D1CAEE}"
EndProject
Global
	GlobalSection(SolutionConfigurationPlatforms) = preSolution
		Debug|Any CPU = Debug|Any CPU
		Release|Any CPU = Release|Any CPU
	EndGlobalSection
	GlobalSection(ProjectConfigurationPlatforms) = postSolution
		{E55788AE-C72B-4B26-A63E-5BB6B3E2F8A3}.Debug|Any CPU.ActiveCfg = Debug|Any CPU
		{E55788AE-C72B-4B26-A63E-5BB6B3E2F8A3}.Debug|Any CPU.Build.0 = Debug|Any CPU
		{E55788AE-C72B-4B26-A63E-5BB6B3E2F8A3}.Release|Any CPU.ActiveCfg = Release|Any CPU
		{E55788AE-C72B-4B26-A63E-5BB6B3E2F8A3}.Release|Any CPU.Build.0 = Release|Any CPU
		{4640A46A-879E-45AE-8068-9B1B74D1CAEE}.Debug|Any CPU.ActiveCfg = Debug|Any CPU
		{4640A46A-879E-45AE-8068-9B1B74D1CAEE}.Debug|Any CPU.Build.0 = Debug|Any CPU
		{4640A46A-879E-45AE-8068-9B1B74D1CAEE}.Release|Any CPU.ActiveCfg = Release|Any CPU
		{4640A46A-879E-45AE-8068-9B1B74D1CAEE}.Release|Any CPU.Build.0 = Release|Any CPU
	EndGlobalSection
	GlobalSection(SolutionProperties) = preSolution
		HideSolutionNode = FALSE
	EndGlobalSection
	GlobalSection(ExtensibilityGlobals) = postSolution
		SolutionGuid = {CCF608B6-59AE-4377-9CCB-1C129D76A5A2}
	EndGlobalSection
EndGlobal
